{
  "name": "cra-template-indigo-challenge-markdown-editor",
  "version": "1.0.0",
  "lockfileVersion": 2,
  "requires": true,
  "packages": {
    "": {
      "name": "cra-template-indigo-challenge-markdown-editor",
      "version": "1.0.0",
      "engines": {
        "node": ">=10"
      }
    }
  }
}
